// !$*UTF8*$!
{
	archiveVersion = 1;
	classes = {
	};
	objectVersion = 46;
	objects = {

/* Begin PBXBuildFile section */
		09102DB01D43EF8700840140 /* main.m in Sources */ = {isa = PBXBuildFile; fileRef = 09102DAF1D43EF8700840140 /* main.m */; };
		09102DB31D43EF8700840140 /* AppDelegate.m in Sources */ = {isa = PBXBuildFile; fileRef = 09102DB21D43EF8700840140 /* AppDelegate.m */; };
		09102DB61D43EF8700840140 /* ViewController.m in Sources */ = {isa = PBXBuildFile; fileRef = 09102DB51D43EF8700840140 /* ViewController.m */; };
		09102DB91D43EF8700840140 /* Main.storyboard in Resources */ = {isa = PBXBuildFile; fileRef = 09102DB71D43EF8700840140 /* Main.storyboard */; };
		09102DBB1D43EF8700840140 /* Assets.xcassets in Resources */ = {isa = PBXBuildFile; fileRef = 09102DBA1D43EF8700840140 /* Assets.xcassets */; };
		09102DBE1D43EF8700840140 /* LaunchScreen.storyboard in Resources */ = {isa = PBXBuildFile; fileRef = 09102DBC1D43EF8700840140 /* LaunchScreen.storyboard */; };
/* End PBXBuildFile section */

/* Begin PBXFileReference section */
		09102DAB1D43EF8700840140 /* Tweet.app */ = {isa = PBXFileReference; explicitFileType = wrapper.application; includeInIndex = 0; path = Tweet.app; sourceTree = BUILT_PRODUCTS_DIR; };
		09102DAF1D43EF8700840140 /* main.m */ = {isa = PBXFileReference; lastKnownFileType = sourcecode.c.objc; path = main.m; sourceTree = "<group>"; };
		09102DB11D43EF8700840140 /* AppDelegate.h */ = {isa = PBXFileReference; lastKnownFileType = sourcecode.c.h; path = AppDelegate.h; sourceTree = "<group>"; };
		09102DB21D43EF8700840140 /* AppDelegate.m */ = {isa = PBXFileReference; lastKnownFileType = sourcecode.c.objc; path = AppDelegate.m; sourceTree = "<group>"; };
		09102DB41D43EF8700840140 /* ViewController.h */ = {isa = PBXFileReference; lastKnownFileType = sourcecode.c.h; path = ViewController.h; sourceTree = "<group>"; };
		09102DB51D43EF8700840140 /* ViewController.m */ = {isa = PBXFileReference; lastKnownFileType = sourcecode.c.objc; path = ViewController.m; sourceTree = "<group>"; };
		09102DB81D43EF8700840140 /* Base */ = {isa = PBXFileReference; lastKnownFileType = file.storyboard; name = Base; path = Base.lproj/Main.storyboard; sourceTree = "<group>"; };
		09102DBA1D43EF8700840140 /* Assets.xcassets */ = {isa = PBXFileReference; lastKnownFileType = folder.assetcatalog; path = Assets.xcassets; sourceTree = "<group>"; };
		09102DBD1D43EF8700840140 /* Base */ = {isa = PBXFileReference; lastKnownFileType = file.storyboard; name = Base; path = Base.lproj/LaunchScreen.storyboard; sourceTree = "<group>"; };
		09102DBF1D43EF8700840140 /* Info.plist */ = {isa = PBXFileReference; lastKnownFileType = text.plist.xml; path = Info.plist; sourceTree = "<group>"; };
/* End PBXFileReference section */

/* Begin PBXFrameworksBuildPhase section */
		09102DA81D43EF8700840140 /* Frameworks */ = {
			isa = PBXFrameworksBuildPhase;
			buildActionMask = 2147483647;
			files = (
			);
			runOnlyForDeploymentPostprocessing = 0;
		};
/* End PBXFrameworksBuildPhase section */

/* Begin PBXGroup section */
		09102DA21D43EF8700840140 = {
			isa = PBXGroup;
			children = (
				09102DAD1D43EF8700840140 /* Tweet */,
				09102DAC1D43EF8700840140 /* Products */,
			);
			sourceTree = "<group>";
		};
		09102DAC1D43EF8700840140 /* Products */ = {
			isa = PBXGroup;
			children = (
				09102DAB1D43EF8700840140 /* Tweet.app */,
			);
			name = Products;
			sourceTree = "<group>";
		};
		09102DAD1D43EF8700840140 /* Tweet */ = {
			isa = PBXGroup;
			children = (
				09102DB11D43EF8700840140 /* AppDelegate.h */,
				09102DB21D43EF8700840140 /* AppDelegate.m */,
				09102DB41D43EF8700840140 /* ViewController.h */,
				09102DB51D43EF8700840140 /* ViewController.m */,
				09102DB71D43EF8700840140 /* Main.storyboard */,
				09102DBA1D43EF8700840140 /* Assets.xcassets */,
				09102DBC1D43EF8700840140 /* LaunchScreen.storyboard */,
				09102DBF1D43EF8700840140 /* Info.plist */,
				09102DAE1D43EF8700840140 /* Supporting Files */,
			);
			path = Tweet;
			sourceTree = "<group>";
		};
		09102DAE1D43EF8700840140 /* Supporting Files */ = {
			isa = PBXGroup;
			children = (
				09102DAF1D43EF8700840140 /* main.m */,
			);
			name = "Supporting Files";
			sourceTree = "<group>";
		};
/* End PBXGroup section */

/* Begin PBXNativeTarget section */
		09102DAA1D43EF8700840140 /* Tweet */ = {
			isa = PBXNativeTarget;
			buildConfigurationList = 09102DC21D43EF8700840140 /* Build configuration list for PBXNativeTarget "Tweet" */;
			buildPhases = (
				09102DA71D43EF8700840140 /* Sources */,
				09102DA81D43EF8700840140 /* Frameworks */,
				09102DA91D43EF8700840140 /* Resources */,
			);
			buildRules = (
			);
			dependencies = (
			);
			name = Tweet;
			productName = Tweet;
			productReference = 09102DAB1D43EF8700840140 /* Tweet.app */;
			productType = "com.apple.product-type.application";
		};
/* End PBXNativeTarget section */

/* Begin PBXProject section */
		09102DA31D43EF8700840140 /* Project object */ = {
			isa = PBXProject;
			attributes = {
				LastUpgradeCheck = 0730;
				ORGANIZATIONNAME = Saurabh;
				TargetAttributes = {
					09102DAA1D43EF8700840140 = {
						CreatedOnToolsVersion = 7.3.1;
					};
				};
			};
			buildConfigurationList = 09102DA61D43EF8700840140 /* Build configuration list for PBXProject "Tweet" */;
			compatibilityVersion = "Xcode 3.2";
			developmentRegion = English;
			hasScannedForEncodings = 0;
			knownRegions = (
				en,
				Base,
			);
			mainGroup = 09102DA21D43EF8700840140;
			productRefGroup = 09102DAC1D43EF8700840140 /* Products */;
			projectDirPath = "";
			projectRoot = "";
			targets = (
				09102DAA1D43EF8700840140 /* Tweet */,
			);
		};
/* End PBXProject section */

/* Begin PBXResourcesBuildPhase section */
		09102DA91D43EF8700840140 /* Resources */ = {
			isa = PBXResourcesBuildPhase;
			buildActionMask = 2147483647;
			files = (
				09102DBE1D43EF8700840140 /* LaunchScreen.storyboard in Resources */,
				09102DBB1D43EF8700840140 /* Assets.xcassets in Resources */,
				09102DB91D43EF8700840140 /* Main.storyboard in Resources */,
			);
			runOnlyForDeploymentPostprocessing = 0;
		};
/* End PBXResourcesBuildPhase section */

/* Begin PBXSourcesBuildPhase section */
		09102DA71D43EF8700840140 /* Sources */ = {
			isa = PBXSourcesBuildPhase;
			buildActionMask = 2147483647;
			files = (
				09102DB61D43EF8700840140 /* ViewController.m in Sources */,
				09102DB31D43EF8700840140 /* AppDelegate.m in Sources */,
				09102DB01D43EF8700840140 /* main.m in Sources */,
			);
			runOnlyForDeploymentPostprocessing = 0;
		};
/* End PBXSourcesBuildPhase section */

/* Begin PBXVariantGroup section */
		09102DB71D43EF8700840140 /* Main.storyboard */ = {
			isa = PBXVariantGroup;
			children = (
				09102DB81D43EF8700840140 /* Base */,
			);
			name = Main.storyboard;
			sourceTree = "<group>";
		};
		09102DBC1D43EF8700840140 /* LaunchScreen.storyboard */ = {
			isa = PBXVariantGroup;
			children = (
				09102DBD1D43EF8700840140 /* Base */,
			);
			name = LaunchScreen.storyboard;
			sourceTree = "<group>";
		};
/* End PBXVariantGroup section */

/* Begin XCBuildConfiguration section */
		09102DC01D43EF8700840140 /* Debug */ = {
			isa = XCBuildConfiguration;
			buildSettings = {
				ALWAYS_SEARCH_USER_PATHS = NO;
				CLANG_ANALYZER_NONNULL = YES;
				CLANG_CXX_LANGUAGE_STANDARD = "gnu++0x";
				CLANG_CXX_LIBRARY = "libc++";
				CLANG_ENABLE_MODULES = YES;
				CLANG_ENABLE_OBJC_ARC = YES;
				CLANG_WARN_BOOL_CONVERSION = YES;
				CLANG_WARN_CONSTANT_CONVERSION = YES;
				CLANG_WARN_DIRECT_OBJC_ISA_USAGE = YES_ERROR;
				CLANG_WARN_EMPTY_BODY = YES;
				CLANG_WARN_ENUM_CONVERSION = YES;
				CLANG_WARN_INT_CONVERSION = YES;
				CLANG_WARN_OBJC_ROOT_CLASS = YES_ERROR;
				CLANG_WARN_UNREACHABLE_CODE = YES;
				CLANG_WARN__DUPLICATE_METHOD_MATCH = YES;
				"CODE_SIGN_IDENTITY[sdk=iphoneos*]" = "iPhone Developer";
				COPY_PHASE_STRIP = NO;
				DEBUG_INFORMATION_FORMAT = dwarf;
				ENABLE_STRICT_OBJC_MSGSEND = YES;
				ENABLE_TESTABILITY = YES;
				GCC_C_LANGUAGE_STANDARD = gnu99;
				GCC_DYNAMIC_NO_PIC = NO;
				GCC_NO_COMMON_BLOCKS = YES;
				GCC_OPTIMIZATION_LEVEL = 0;
				GCC_PREPROCESSOR_DEFINITIONS = (
					"DEBUG=1",
					"$(inherited)",
				);
				GCC_WARN_64_TO_32_BIT_CONVERSION = YES;
				GCC_WARN_ABOUT_RETURN_TYPE = YES_ERROR;
				GCC_WARN_UNDECLARED_SELECTOR = YES;
				GCC_WARN_UNINITIALIZED_AUTOS = YES_AGGRESSIVE;
				GCC_WARN_UNUSED_FUNCTION = YES;
				GCC_WARN_UNUSED_VARIABLE = YES;
				IPHONEOS_DEPLOYMENT_TARGET = 9.3;
				MTL_ENABLE_DEBUG_INFO = YES;
				ONLY_ACTIVE_ARCH = YES;
				SDKROOT = iphoneos;
				TARGETED_DEVICE_FAMILY = "1,2";
			};
			name = Debug;
		};
		09102DC11D43EF8700840140 /* Release */ = {
			isa = XCBuildConfiguration;
			buildSettings = {
				ALWAYS_SEARCH_USER_PATHS = NO;
				CLANG_ANALYZER_NONNULL = YES;
				CLANG_CXX_LANGUAGE_STANDARD = "gnu++0x";
				CLANG_CXX_LIBRARY = "libc++";
				CLANG_ENABLE_MODULES = YES;
				CLANG_ENABLE_OBJC_ARC = YES;
				CLANG_WARN_BOOL_CONVERSION = YES;
				CLANG_WARN_CONSTANT_CONVERSION = YES;
				CLANG_WARN_DIRECT_OBJC_ISA_USAGE = YES_ERROR;
				CLANG_WARN_EMPTY_BODY = YES;
				CLANG_WARN_ENUM_CONVERSION = YES;
				CLANG_WARN_INT_CONVERSION = YES;
				CLANG_WARN_OBJC_ROOT_CLASS = YES_ERROR;
				CLANG_WARN_UNREACHABLE_CODE = YES;
				CLANG_WARN__DUPLICATE_METHOD_MATCH = YES;
				"CODE_SIGN_IDENTITY[sdk=iphoneos*]" = "iPhone Developer";
				COPY_PHASE_STRIP = NO;
				DEBUG_INFORMATION_FORMAT = "dwarf-with-dsym";
				ENABLE_NS_ASSERTIONS = NO;
				ENABLE_STRICT_OBJC_MSGSEND = YES;
				GCC_C_LANGUAGE_STANDARD = gnu99;
				GCC_NO_COMMON_BLOCKS = YES;
				GCC_WARN_64_TO_32_BIT_CONVERSION = YES;
				GCC_WARN_ABOUT_RETURN_TYPE = YES_ERROR;
				GCC_WARN_UNDECLARED_SELECTOR = YES;
				GCC_WARN_UNINITIALIZED_AUTOS = YES_AGGRESSIVE;
				GCC_WARN_UNUSED_FUNCTION = YES;
				GCC_WARN_UNUSED_VARIABLE = YES;
				IPHONEOS_DEPLOYMENT_TARGET = 9.3;
				MTL_ENABLE_DEBUG_INFO = NO;
				SDKROOT = iphoneos;
				TARGETED_DEVICE_FAMILY = "1,2";
				VALIDATE_PRODUCT = YES;
			};
			name = Release;
		};
		09102DC31D43EF8700840140 /* Debug */ = {
			isa = XCBuildConfiguration;
			buildSettings = {
				ASSETCATALOG_COMPILER_APPICON_NAME = AppIcon;
				INFOPLIST_FILE = Tweet/Info.plist;
				LD_RUNPATH_SEARCH_PATHS = "$(inherited) @executable_path/Frameworks";
				PRODUCT_BUNDLE_IDENTIFIER = com.skrt.Tweet;
				PRODUCT_NAME = "$(TARGET_NAME)";
			};
			name = Debug;
		};
		09102DC41D43EF8700840140 /* Release */ = {
			isa = XCBuildConfiguration;
			buildSettings = {
				ASSETCATALOG_COMPILER_APPICON_NAME = AppIcon;
				INFOPLIST_FILE = Tweet/Info.plist;
				LD_RUNPATH_SEARCH_PATHS = "$(inherited) @executable_path/Frameworks";
				PRODUCT_BUNDLE_IDENTIFIER = com.skrt.Tweet;
				PRODUCT_NAME = "$(TARGET_NAME)";
			};
			name = Release;
		};
/* End XCBuildConfiguration section */

/* Begin XCConfigurationList section */
		09102DA61D43EF8700840140 /* Build configuration list for PBXProject "Tweet" */ = {
			isa = XCConfigurationList;
			buildConfigurations = (
				09102DC01D43EF8700840140 /* Debug */,
				09102DC11D43EF8700840140 /* Release */,
			);
			defaultConfigurationIsVisible = 0;
			defaultConfigurationName = Release;
		};
		09102DC21D43EF8700840140 /* Build configuration list for PBXNativeTarget "Tweet" */ = {
			isa = XCConfigurationList;
			buildConfigurations = (
				09102DC31D43EF8700840140 /* Debug */,
				09102DC41D43EF8700840140 /* Release */,
			);
			defaultConfigurationIsVisible = 0;
		};
/* End XCConfigurationList section */
	};
	rootObject = 09102DA31D43EF8700840140 /* Project object */;
}
